
Microsoft Visual Studio Solution File, Format Version 12.00
# Visual Studio Version 16
VisualStudioVersion = 16.0.31205.134
MinimumVisualStudioVersion = 10.0.40219.1
Project("{FAE04EC0-301F-11D3-BF4B-00C04F79EFBC}") = "SingletonPattern", "ConsoleApp1\SingletonPattern.csproj", "{0C5DC669-F8EC-4B16-B086-4DBFF6853293}"
EndProject
Global
	GlobalSection(SolutionConfigurationPlatforms) = preSolution
		Debug|Any CPU = Debug|Any CPU
		Release|Any CPU = Release|Any CPU
	EndGlobalSection
	GlobalSection(ProjectConfigurationPlatforms) = postSolution
		{0C5DC669-F8EC-4B16-B086-4DBFF6853293}.Debug|Any CPU.ActiveCfg = Debug|Any CPU
		{0C5DC669-F8EC-4B16-B086-4DBFF6853293}.Debug|Any CPU.Build.0 = Debug|Any CPU
		{0C5DC669-F8EC-4B16-B086-4DBFF6853293}.Release|Any CPU.ActiveCfg = Release|Any CPU
		{0C5DC669-F8EC-4B16-B086-4DBFF6853293}.Release|Any CPU.Build.0 = Release|Any CPU
	EndGlobalSection
	GlobalSection(SolutionProperties) = preSolution
		HideSolutionNode = FALSE
	EndGlobalSection
	GlobalSection(ExtensibilityGlobals) = postSolution
		SolutionGuid = {5F92B703-D727-4AA9-BEDA-804095262623}
	EndGlobalSection
EndGlobal
